
Microsoft Visual Studio Solution File, Format Version 12.00
# Visual Studio Version 17
VisualStudioVersion = 17.3.32901.215
MinimumVisualStudioVersion = 10.0.40219.1
Project("{FAE04EC0-301F-11D3-BF4B-00C04F79EFBC}") = "CasaRM.WebApp.Web", "CasaRM.WebApp.Web\CasaRM.WebApp.Web.csproj", "{4663192C-475F-4560-B5B3-E898E10934FB}"
EndProject
Global
	GlobalSection(SolutionConfigurationPlatforms) = preSolution
		Debug|Any CPU = Debug|Any CPU
		Release|Any CPU = Release|Any CPU
	EndGlobalSection
	GlobalSection(ProjectConfigurationPlatforms) = postSolution
		{4663192C-475F-4560-B5B3-E898E10934FB}.Debug|Any CPU.ActiveCfg = Debug|Any CPU
		{4663192C-475F-4560-B5B3-E898E10934FB}.Debug|Any CPU.Build.0 = Debug|Any CPU
		{4663192C-475F-4560-B5B3-E898E10934FB}.Release|Any CPU.ActiveCfg = Release|Any CPU
		{4663192C-475F-4560-B5B3-E898E10934FB}.Release|Any CPU.Build.0 = Release|Any CPU
	EndGlobalSection
	GlobalSection(SolutionProperties) = preSolution
		HideSolutionNode = FALSE
	EndGlobalSection
	GlobalSection(ExtensibilityGlobals) = postSolution
		SolutionGuid = {8B567F57-67EF-4760-B121-6D5C84D029A1}
	EndGlobalSection
EndGlobal
